
Microsoft Visual Studio Solution File, Format Version 12.00
# Visual Studio 15
VisualStudioVersion = 15.0.28010.2036
MinimumVisualStudioVersion = 10.0.40219.1
Project("{FAE04EC0-301F-11D3-BF4B-00C04F79EFBC}") = "WebAPIService", "WebAPIService\WebAPIService.csproj", "{44C0E0C1-1F0C-464E-9BCF-A1C4B038FF4C}"
EndProject
Global
	GlobalSection(SolutionConfigurationPlatforms) = preSolution
		Debug|Any CPU = Debug|Any CPU
		Release|Any CPU = Release|Any CPU
	EndGlobalSection
	GlobalSection(ProjectConfigurationPlatforms) = postSolution
		{44C0E0C1-1F0C-464E-9BCF-A1C4B038FF4C}.Debug|Any CPU.ActiveCfg = Debug|Any CPU
		{44C0E0C1-1F0C-464E-9BCF-A1C4B038FF4C}.Debug|Any CPU.Build.0 = Debug|Any CPU
		{44C0E0C1-1F0C-464E-9BCF-A1C4B038FF4C}.Release|Any CPU.ActiveCfg = Release|Any CPU
		{44C0E0C1-1F0C-464E-9BCF-A1C4B038FF4C}.Release|Any CPU.Build.0 = Release|Any CPU
	EndGlobalSection
	GlobalSection(SolutionProperties) = preSolution
		HideSolutionNode = FALSE
	EndGlobalSection
	GlobalSection(ExtensibilityGlobals) = postSolution
		SolutionGuid = {81A8838F-A0A6-42E5-81F1-D60B27330BEE}
	EndGlobalSection
EndGlobal
