
Microsoft Visual Studio Solution File, Format Version 12.00
# Visual Studio 15
VisualStudioVersion = 15.0.28010.2036
MinimumVisualStudioVersion = 10.0.40219.1
Project("{FAE04EC0-301F-11D3-BF4B-00C04F79EFBC}") = "UsersWebAPI", "WebAPIService\UsersWebAPI.csproj", "{44C0E0C1-1F0C-464E-9BCF-A1C4B038FF4C}"
EndProject
Project("{2150E333-8FDC-42A3-9474-1A3956D46DE8}") = "4.API", "4.API", "{D73FAB14-51EE-4F6A-BA17-27B0E1AAA0AF}"
EndProject
Project("{9A19103F-16F7-4668-BE54-9A1E7A4F7556}") = "BusinessLayer", "BusinessLayer\BusinessLayer.csproj", "{5DC4CEB4-2B89-4832-87EA-6D07521FDAD5}"
EndProject
Project("{2150E333-8FDC-42A3-9474-1A3956D46DE8}") = "3.BusinessLayer", "3.BusinessLayer", "{08DB89C8-734D-42CD-8425-0D5060931D58}"
EndProject
Project("{2150E333-8FDC-42A3-9474-1A3956D46DE8}") = "2.DataAccessLayer", "2.DataAccessLayer", "{485837AF-BB6F-47D0-B9B1-6E32875E96C9}"
EndProject
Project("{FAE04EC0-301F-11D3-BF4B-00C04F79EFBC}") = "DataAccessLayer", "DataAccessLayer\DataAccessLayer.csproj", "{20104A5D-3073-4605-897E-E030BDE5327F}"
EndProject
Project("{00D1A9C2-B5F0-4AF3-8072-F6C62B433612}") = "SQLUsersManagement", "SQLData\SQLUsersManagement.sqlproj", "{37F93AD1-9FDA-4873-A136-B4A8C19D6AE8}"
EndProject
Project("{2150E333-8FDC-42A3-9474-1A3956D46DE8}") = "0.SQL", "0.SQL", "{20E7DA0F-F721-42BB-9F96-9D84958F3E81}"
EndProject
Project("{2150E333-8FDC-42A3-9474-1A3956D46DE8}") = "1.Tests", "1.Tests", "{CCDE2282-922E-42F0-9ACD-F5161AB745CC}"
EndProject
Global
	GlobalSection(SolutionConfigurationPlatforms) = preSolution
		Debug|Any CPU = Debug|Any CPU
		Release|Any CPU = Release|Any CPU
	EndGlobalSection
	GlobalSection(ProjectConfigurationPlatforms) = postSolution
		{44C0E0C1-1F0C-464E-9BCF-A1C4B038FF4C}.Debug|Any CPU.ActiveCfg = Debug|Any CPU
		{44C0E0C1-1F0C-464E-9BCF-A1C4B038FF4C}.Debug|Any CPU.Build.0 = Debug|Any CPU
		{44C0E0C1-1F0C-464E-9BCF-A1C4B038FF4C}.Release|Any CPU.ActiveCfg = Release|Any CPU
		{44C0E0C1-1F0C-464E-9BCF-A1C4B038FF4C}.Release|Any CPU.Build.0 = Release|Any CPU
		{5DC4CEB4-2B89-4832-87EA-6D07521FDAD5}.Debug|Any CPU.ActiveCfg = Debug|Any CPU
		{5DC4CEB4-2B89-4832-87EA-6D07521FDAD5}.Debug|Any CPU.Build.0 = Debug|Any CPU
		{5DC4CEB4-2B89-4832-87EA-6D07521FDAD5}.Release|Any CPU.ActiveCfg = Release|Any CPU
		{5DC4CEB4-2B89-4832-87EA-6D07521FDAD5}.Release|Any CPU.Build.0 = Release|Any CPU
		{20104A5D-3073-4605-897E-E030BDE5327F}.Debug|Any CPU.ActiveCfg = Debug|Any CPU
		{20104A5D-3073-4605-897E-E030BDE5327F}.Debug|Any CPU.Build.0 = Debug|Any CPU
		{20104A5D-3073-4605-897E-E030BDE5327F}.Release|Any CPU.ActiveCfg = Release|Any CPU
		{20104A5D-3073-4605-897E-E030BDE5327F}.Release|Any CPU.Build.0 = Release|Any CPU
		{37F93AD1-9FDA-4873-A136-B4A8C19D6AE8}.Debug|Any CPU.ActiveCfg = Debug|Any CPU
		{37F93AD1-9FDA-4873-A136-B4A8C19D6AE8}.Debug|Any CPU.Build.0 = Debug|Any CPU
		{37F93AD1-9FDA-4873-A136-B4A8C19D6AE8}.Debug|Any CPU.Deploy.0 = Debug|Any CPU
		{37F93AD1-9FDA-4873-A136-B4A8C19D6AE8}.Release|Any CPU.ActiveCfg = Release|Any CPU
		{37F93AD1-9FDA-4873-A136-B4A8C19D6AE8}.Release|Any CPU.Build.0 = Release|Any CPU
		{37F93AD1-9FDA-4873-A136-B4A8C19D6AE8}.Release|Any CPU.Deploy.0 = Release|Any CPU
	EndGlobalSection
	GlobalSection(SolutionProperties) = preSolution
		HideSolutionNode = FALSE
	EndGlobalSection
	GlobalSection(NestedProjects) = preSolution
		{44C0E0C1-1F0C-464E-9BCF-A1C4B038FF4C} = {D73FAB14-51EE-4F6A-BA17-27B0E1AAA0AF}
		{5DC4CEB4-2B89-4832-87EA-6D07521FDAD5} = {08DB89C8-734D-42CD-8425-0D5060931D58}
		{20104A5D-3073-4605-897E-E030BDE5327F} = {485837AF-BB6F-47D0-B9B1-6E32875E96C9}
		{37F93AD1-9FDA-4873-A136-B4A8C19D6AE8} = {20E7DA0F-F721-42BB-9F96-9D84958F3E81}
	EndGlobalSection
	GlobalSection(ExtensibilityGlobals) = postSolution
		SolutionGuid = {81A8838F-A0A6-42E5-81F1-D60B27330BEE}
	EndGlobalSection
EndGlobal
