
Microsoft Visual Studio Solution File, Format Version 12.00
# Visual Studio 15
VisualStudioVersion = 15.0.28010.2036
MinimumVisualStudioVersion = 10.0.40219.1
Project("{FAE04EC0-301F-11D3-BF4B-00C04F79EFBC}") = "UsersWebAPI", "WebAPIService\UsersWebAPI.csproj", "{44C0E0C1-1F0C-464E-9BCF-A1C4B038FF4C}"
EndProject
Project("{2150E333-8FDC-42A3-9474-1A3956D46DE8}") = "API", "API", "{D73FAB14-51EE-4F6A-BA17-27B0E1AAA0AF}"
EndProject
Project("{9A19103F-16F7-4668-BE54-9A1E7A4F7556}") = "BusinessLayer", "BusinessLayer\BusinessLayer.csproj", "{5DC4CEB4-2B89-4832-87EA-6D07521FDAD5}"
EndProject
Project("{9A19103F-16F7-4668-BE54-9A1E7A4F7556}") = "DataAccessLayer", "DataAccessLayer\DataAccessLayer.csproj", "{C8BC6A57-199B-4538-BFC3-E14D81FCC753}"
EndProject
Project("{2150E333-8FDC-42A3-9474-1A3956D46DE8}") = "2.BL", "2.BL", "{08DB89C8-734D-42CD-8425-0D5060931D58}"
EndProject
Project("{2150E333-8FDC-42A3-9474-1A3956D46DE8}") = "1.DAL", "1.DAL", "{485837AF-BB6F-47D0-B9B1-6E32875E96C9}"
EndProject
Global
	GlobalSection(SolutionConfigurationPlatforms) = preSolution
		Debug|Any CPU = Debug|Any CPU
		Release|Any CPU = Release|Any CPU
	EndGlobalSection
	GlobalSection(ProjectConfigurationPlatforms) = postSolution
		{44C0E0C1-1F0C-464E-9BCF-A1C4B038FF4C}.Debug|Any CPU.ActiveCfg = Debug|Any CPU
		{44C0E0C1-1F0C-464E-9BCF-A1C4B038FF4C}.Debug|Any CPU.Build.0 = Debug|Any CPU
		{44C0E0C1-1F0C-464E-9BCF-A1C4B038FF4C}.Release|Any CPU.ActiveCfg = Release|Any CPU
		{44C0E0C1-1F0C-464E-9BCF-A1C4B038FF4C}.Release|Any CPU.Build.0 = Release|Any CPU
		{5DC4CEB4-2B89-4832-87EA-6D07521FDAD5}.Debug|Any CPU.ActiveCfg = Debug|Any CPU
		{5DC4CEB4-2B89-4832-87EA-6D07521FDAD5}.Debug|Any CPU.Build.0 = Debug|Any CPU
		{5DC4CEB4-2B89-4832-87EA-6D07521FDAD5}.Release|Any CPU.ActiveCfg = Release|Any CPU
		{5DC4CEB4-2B89-4832-87EA-6D07521FDAD5}.Release|Any CPU.Build.0 = Release|Any CPU
		{C8BC6A57-199B-4538-BFC3-E14D81FCC753}.Debug|Any CPU.ActiveCfg = Debug|Any CPU
		{C8BC6A57-199B-4538-BFC3-E14D81FCC753}.Debug|Any CPU.Build.0 = Debug|Any CPU
		{C8BC6A57-199B-4538-BFC3-E14D81FCC753}.Release|Any CPU.ActiveCfg = Release|Any CPU
		{C8BC6A57-199B-4538-BFC3-E14D81FCC753}.Release|Any CPU.Build.0 = Release|Any CPU
	EndGlobalSection
	GlobalSection(SolutionProperties) = preSolution
		HideSolutionNode = FALSE
	EndGlobalSection
	GlobalSection(NestedProjects) = preSolution
		{44C0E0C1-1F0C-464E-9BCF-A1C4B038FF4C} = {D73FAB14-51EE-4F6A-BA17-27B0E1AAA0AF}
		{5DC4CEB4-2B89-4832-87EA-6D07521FDAD5} = {08DB89C8-734D-42CD-8425-0D5060931D58}
		{C8BC6A57-199B-4538-BFC3-E14D81FCC753} = {485837AF-BB6F-47D0-B9B1-6E32875E96C9}
	EndGlobalSection
	GlobalSection(ExtensibilityGlobals) = postSolution
		SolutionGuid = {81A8838F-A0A6-42E5-81F1-D60B27330BEE}
	EndGlobalSection
EndGlobal
